PODS:
  - DatePickerDialog (4.0)
  - lottie-ios (3.2.1)
  - RxCocoa (5.1.1):
    - RxRelay (~> 5)
    - RxSwift (~> 5)
  - RxRelay (5.1.1):
    - RxSwift (~> 5)
  - RxSwift (5.1.1)
  - RxViewController (1.0.0):
    - RxCocoa (~> 5.0)
    - RxSwift (~> 5.0)
  - WaveAnimationView (1.0.2)

DEPENDENCIES:
  - DatePickerDialog
  - lottie-ios
  - RxCocoa (= 5.1.1)
  - RxSwift (= 5.1.1)
  - RxViewController
  - WaveAnimationView

SPEC REPOS:
  trunk:
    - DatePickerDialog
    - lottie-ios
    - RxCocoa
    - RxRelay
    - RxSwift
    - RxViewController
    - WaveAnimationView

SPEC CHECKSUMS:
  DatePickerDialog: ccff2f91ff7a018057a4d72fa5ad6de49c8cb0cd
  lottie-ios: 106e92eaf11fbed0a76590b4cdb9b5ec26123ff7
  RxCocoa: 32065309a38d29b5b0db858819b5bf9ef038b601
  RxRelay: d77f7d771495f43c556cbc43eebd1bb54d01e8e9
  RxSwift: 81470a2074fa8780320ea5fe4102807cb7118178
  RxViewController: 7330a46e5c31cd680db169da4c9fc8676e975a81
  WaveAnimationView: 1ffdf3184884eb3270f4b19cc2e69893fec16b9d

PODFILE CHECKSUM: 7daad3d8e1a23cac2d1f1ac36a06e1f032786b0c

COCOAPODS: 1.10.1
