PODS:
  - CombineCocoa (0.2.2)
  - DatePickerDialog (4.0)
  - DeviceKit (4.3.0)
  - Fusuma (1.3.3)
  - Hero (1.6.1)
  - lottie-ios (3.2.1)
  - Mantis (1.7.1)
  - WaveAnimationView (1.0.2)

DEPENDENCIES:
  - CombineCocoa
  - DatePickerDialog
  - DeviceKit
  - Fusuma
  - Hero
  - lottie-ios
  - Mantis (~> 1.7.1)
  - WaveAnimationView

SPEC REPOS:
  trunk:
    - CombineCocoa
    - DatePickerDialog
    - DeviceKit
    - Fusuma
    - Hero
    - lottie-ios
    - Mantis
    - WaveAnimationView

SPEC CHECKSUMS:
  CombineCocoa: 66c79441761907c096ecbd0021cefd8566acaf06
  DatePickerDialog: ccff2f91ff7a018057a4d72fa5ad6de49c8cb0cd
  DeviceKit: 7decde449c308ac7e816e2184ded1c7c596fb885
  Fusuma: 3bd08c8c5341ec60c0074fa28570fea8765966f0
  Hero: 215865ba3ae41dd9bb08cd6c60a645529c6fc94b
  lottie-ios: 106e92eaf11fbed0a76590b4cdb9b5ec26123ff7
  Mantis: 0c6052cf902f7b3b9ede7302ddc1116b64b4effe
  WaveAnimationView: 1ffdf3184884eb3270f4b19cc2e69893fec16b9d

PODFILE CHECKSUM: 999d9e459c5684f727db426cb746590c6125c9ac

COCOAPODS: 1.10.1
